
Microsoft Visual Studio Solution File, Format Version 12.00
# Visual Studio Version 17
VisualStudioVersion = 17.0.31919.166
MinimumVisualStudioVersion = 10.0.40219.1
Project("{FAE04EC0-301F-11D3-BF4B-00C04F79EFBC}") = "projeto 2 guilherme ana ana", "projeto 2 guilherme ana ana\projeto 2 guilherme ana ana.csproj", "{2DE2FD60-1F44-4CB8-A28B-C6F216A4BE8D}"
EndProject
Global
	GlobalSection(SolutionConfigurationPlatforms) = preSolution
		Debug|Any CPU = Debug|Any CPU
		Release|Any CPU = Release|Any CPU
	EndGlobalSection
	GlobalSection(ProjectConfigurationPlatforms) = postSolution
		{2DE2FD60-1F44-4CB8-A28B-C6F216A4BE8D}.Debug|Any CPU.ActiveCfg = Debug|Any CPU
		{2DE2FD60-1F44-4CB8-A28B-C6F216A4BE8D}.Debug|Any CPU.Build.0 = Debug|Any CPU
		{2DE2FD60-1F44-4CB8-A28B-C6F216A4BE8D}.Release|Any CPU.ActiveCfg = Release|Any CPU
		{2DE2FD60-1F44-4CB8-A28B-C6F216A4BE8D}.Release|Any CPU.Build.0 = Release|Any CPU
	EndGlobalSection
	GlobalSection(SolutionProperties) = preSolution
		HideSolutionNode = FALSE
	EndGlobalSection
	GlobalSection(ExtensibilityGlobals) = postSolution
		SolutionGuid = {E59EF180-1408-446B-B0DA-77B3BAE05DEB}
	EndGlobalSection
EndGlobal
